
Microsoft Visual Studio Solution File, Format Version 12.00
# Visual Studio Version 17
VisualStudioVersion = 17.0.32126.317
MinimumVisualStudioVersion = 10.0.40219.1
Project("{FAE04EC0-301F-11D3-BF4B-00C04F79EFBC}") = "KafkaIntegrationWithCoreSample", "KafkaIntegrationWithCoreSample\KafkaIntegrationWithCoreSample.csproj", "{5DC6D625-7DFB-4A34-A364-BBFDB98B0CBE}"
EndProject
Project("{FAE04EC0-301F-11D3-BF4B-00C04F79EFBC}") = "KafkaPublisher", "KafkaPublisher\KafkaPublisher.csproj", "{4DD102BD-1ED7-4DD4-8D60-7900E64BDA36}"
EndProject
Global
	GlobalSection(SolutionConfigurationPlatforms) = preSolution
		Debug|Any CPU = Debug|Any CPU
		Release|Any CPU = Release|Any CPU
	EndGlobalSection
	GlobalSection(ProjectConfigurationPlatforms) = postSolution
		{5DC6D625-7DFB-4A34-A364-BBFDB98B0CBE}.Debug|Any CPU.ActiveCfg = Debug|Any CPU
		{5DC6D625-7DFB-4A34-A364-BBFDB98B0CBE}.Debug|Any CPU.Build.0 = Debug|Any CPU
		{5DC6D625-7DFB-4A34-A364-BBFDB98B0CBE}.Release|Any CPU.ActiveCfg = Release|Any CPU
		{5DC6D625-7DFB-4A34-A364-BBFDB98B0CBE}.Release|Any CPU.Build.0 = Release|Any CPU
		{4DD102BD-1ED7-4DD4-8D60-7900E64BDA36}.Debug|Any CPU.ActiveCfg = Debug|Any CPU
		{4DD102BD-1ED7-4DD4-8D60-7900E64BDA36}.Debug|Any CPU.Build.0 = Debug|Any CPU
		{4DD102BD-1ED7-4DD4-8D60-7900E64BDA36}.Release|Any CPU.ActiveCfg = Release|Any CPU
		{4DD102BD-1ED7-4DD4-8D60-7900E64BDA36}.Release|Any CPU.Build.0 = Release|Any CPU
	EndGlobalSection
	GlobalSection(SolutionProperties) = preSolution
		HideSolutionNode = FALSE
	EndGlobalSection
	GlobalSection(ExtensibilityGlobals) = postSolution
		SolutionGuid = {96EB97F3-E522-47CC-8420-7844AD5D7C54}
	EndGlobalSection
EndGlobal
